
Microsoft Visual Studio Solution File, Format Version 11.00
# Visual Studio 2010
Project("{FAE04EC0-301F-11D3-BF4B-00C04F79EFBC}") = "Assembly-CSharp", "Assembly-CSharp.csproj", "{ebfb4f45-5716-7e64-a549-b37ba36cd6ae}"
EndProject
Project("{FAE04EC0-301F-11D3-BF4B-00C04F79EFBC}") = "Assembly-CSharp-Editor", "Assembly-CSharp-Editor.csproj", "{e96cd866-209e-e0ed-13d5-dc10da68a5f7}"
EndProject
Project("{FAE04EC0-301F-11D3-BF4B-00C04F79EFBC}") = "VFXGraph.OutputEventHandlers", "VFXGraph.OutputEventHandlers.csproj", "{85f96e9b-6b85-506a-7f50-4be87d2b959d}"
EndProject
Project("{FAE04EC0-301F-11D3-BF4B-00C04F79EFBC}") = "VFXGraph.OutputEventHandlers.Editor", "VFXGraph.OutputEventHandlers.Editor.csproj", "{63ce982a-0ff1-d15f-dc5f-99f90445ff71}"
EndProject
Global
	GlobalSection(SolutionConfigurationPlatforms) = preSolution
		Debug|Any CPU = Debug|Any CPU
	EndGlobalSection
	GlobalSection(ProjectConfigurationPlatforms) = postSolution
		{ebfb4f45-5716-7e64-a549-b37ba36cd6ae}.Debug|Any CPU.ActiveCfg = Debug|Any CPU
		{ebfb4f45-5716-7e64-a549-b37ba36cd6ae}.Debug|Any CPU.Build.0 = Debug|Any CPU
		{e96cd866-209e-e0ed-13d5-dc10da68a5f7}.Debug|Any CPU.ActiveCfg = Debug|Any CPU
		{e96cd866-209e-e0ed-13d5-dc10da68a5f7}.Debug|Any CPU.Build.0 = Debug|Any CPU
		{85f96e9b-6b85-506a-7f50-4be87d2b959d}.Debug|Any CPU.ActiveCfg = Debug|Any CPU
		{85f96e9b-6b85-506a-7f50-4be87d2b959d}.Debug|Any CPU.Build.0 = Debug|Any CPU
		{63ce982a-0ff1-d15f-dc5f-99f90445ff71}.Debug|Any CPU.ActiveCfg = Debug|Any CPU
		{63ce982a-0ff1-d15f-dc5f-99f90445ff71}.Debug|Any CPU.Build.0 = Debug|Any CPU
	EndGlobalSection
	GlobalSection(SolutionProperties) = preSolution
		HideSolutionNode = FALSE
	EndGlobalSection
EndGlobal
